
Microsoft Visual Studio Solution File, Format Version 12.00
# Visual Studio 14
VisualStudioVersion = 14.0.23107.0
MinimumVisualStudioVersion = 10.0.40219.1
Project("{2150E333-8FDC-42A3-9474-1A3956D46DE8}") = "0 Common", "0 Common", "{137BAFE0-D303-4306-B047-63C13E849640}"
EndProject
Project("{2150E333-8FDC-42A3-9474-1A3956D46DE8}") = "1 Presentation", "1 Presentation", "{06B03D64-135B-48B3-8C19-26C440C87FF1}"
EndProject
Project("{2150E333-8FDC-42A3-9474-1A3956D46DE8}") = "2 Service", "2 Service", "{A48BE782-4E08-4C26-8AA5-740D8B4D76D8}"
EndProject
Project("{2150E333-8FDC-42A3-9474-1A3956D46DE8}") = "3 BLL", "3 BLL", "{EF476BD0-7288-4A4D-A955-EA2CC3970685}"
EndProject
Project("{2150E333-8FDC-42A3-9474-1A3956D46DE8}") = "4 DAL", "4 DAL", "{FC70754F-C6CB-40DD-B9AA-6FB335579282}"
EndProject
Project("{2150E333-8FDC-42A3-9474-1A3956D46DE8}") = "5 Test", "5 Test", "{E4F0F019-E255-4E79-9B80-83D136EF9A47}"
EndProject
Project("{FAE04EC0-301F-11D3-BF4B-00C04F79EFBC}") = "OpenQbit.PIS.DataAccess.DAL", "OpenQbit.PIS.DataAccess.DAL\OpenQbit.PIS.DataAccess.DAL.csproj", "{2D4744C8-B393-4179-A734-D522744D688D}"
EndProject
Project("{FAE04EC0-301F-11D3-BF4B-00C04F79EFBC}") = "OpenQbit.PIS.Test.DataAccessTest", "OpenQbit.PIS.Test.UnitTest\OpenQbit.PIS.Test.DataAccessTest.csproj", "{9578C1CF-6AFF-4721-A900-848391490706}"
EndProject
Project("{FAE04EC0-301F-11D3-BF4B-00C04F79EFBC}") = "OpenQbit.PIS.Service.WebAPI", "OpenQbit.PIS.Service.WebAPI\OpenQbit.PIS.Service.WebAPI.csproj", "{A2467F48-85E0-4CC9-B2E3-65D180ED9B7B}"
EndProject
Project("{FAE04EC0-301F-11D3-BF4B-00C04F79EFBC}") = "OpenQbit.PIS.Common.Models", "OpenQbit.PIS.Common.Models\OpenQbit.PIS.Common.Models.csproj", "{04C36504-D10E-48F0-AC14-CAA76802353B}"
EndProject
Project("{FAE04EC0-301F-11D3-BF4B-00C04F79EFBC}") = "OpenQbit.PIS.BusinessService", "OpenQbit.PIS.BusinessService.BLL\OpenQbit.PIS.BusinessService.csproj", "{382C3CC5-8627-4585-A02A-D07CA792779D}"
EndProject
Project("{FAE04EC0-301F-11D3-BF4B-00C04F79EFBC}") = "OpenQbit.PIS.BusinessService.Contracts", "OpenQbit.PIS.BusinessService.Contracts\OpenQbit.PIS.BusinessService.Contracts.csproj", "{6B595738-8D63-40A6-9C61-868C28A3E92B}"
EndProject
Project("{FAE04EC0-301F-11D3-BF4B-00C04F79EFBC}") = "OpenQbit.PIS.DataAccess.DAL.Contracts", "OpenQbit.PIS.DataAccess.DAL.Contracts\OpenQbit.PIS.DataAccess.DAL.Contracts.csproj", "{F376DEDB-9E92-42F0-865D-66013F9840C0}"
EndProject
Global
	GlobalSection(SolutionConfigurationPlatforms) = preSolution
		Debug|Any CPU = Debug|Any CPU
		Release|Any CPU = Release|Any CPU
	EndGlobalSection
	GlobalSection(ProjectConfigurationPlatforms) = postSolution
		{2D4744C8-B393-4179-A734-D522744D688D}.Debug|Any CPU.ActiveCfg = Debug|Any CPU
		{2D4744C8-B393-4179-A734-D522744D688D}.Debug|Any CPU.Build.0 = Debug|Any CPU
		{2D4744C8-B393-4179-A734-D522744D688D}.Release|Any CPU.ActiveCfg = Release|Any CPU
		{2D4744C8-B393-4179-A734-D522744D688D}.Release|Any CPU.Build.0 = Release|Any CPU
		{9578C1CF-6AFF-4721-A900-848391490706}.Debug|Any CPU.ActiveCfg = Debug|Any CPU
		{9578C1CF-6AFF-4721-A900-848391490706}.Debug|Any CPU.Build.0 = Debug|Any CPU
		{9578C1CF-6AFF-4721-A900-848391490706}.Release|Any CPU.ActiveCfg = Release|Any CPU
		{9578C1CF-6AFF-4721-A900-848391490706}.Release|Any CPU.Build.0 = Release|Any CPU
		{A2467F48-85E0-4CC9-B2E3-65D180ED9B7B}.Debug|Any CPU.ActiveCfg = Debug|Any CPU
		{A2467F48-85E0-4CC9-B2E3-65D180ED9B7B}.Debug|Any CPU.Build.0 = Debug|Any CPU
		{A2467F48-85E0-4CC9-B2E3-65D180ED9B7B}.Release|Any CPU.ActiveCfg = Release|Any CPU
		{A2467F48-85E0-4CC9-B2E3-65D180ED9B7B}.Release|Any CPU.Build.0 = Release|Any CPU
		{04C36504-D10E-48F0-AC14-CAA76802353B}.Debug|Any CPU.ActiveCfg = Debug|Any CPU
		{04C36504-D10E-48F0-AC14-CAA76802353B}.Debug|Any CPU.Build.0 = Debug|Any CPU
		{04C36504-D10E-48F0-AC14-CAA76802353B}.Release|Any CPU.ActiveCfg = Release|Any CPU
		{04C36504-D10E-48F0-AC14-CAA76802353B}.Release|Any CPU.Build.0 = Release|Any CPU
		{382C3CC5-8627-4585-A02A-D07CA792779D}.Debug|Any CPU.ActiveCfg = Debug|Any CPU
		{382C3CC5-8627-4585-A02A-D07CA792779D}.Debug|Any CPU.Build.0 = Debug|Any CPU
		{382C3CC5-8627-4585-A02A-D07CA792779D}.Release|Any CPU.ActiveCfg = Release|Any CPU
		{382C3CC5-8627-4585-A02A-D07CA792779D}.Release|Any CPU.Build.0 = Release|Any CPU
		{6B595738-8D63-40A6-9C61-868C28A3E92B}.Debug|Any CPU.ActiveCfg = Debug|Any CPU
		{6B595738-8D63-40A6-9C61-868C28A3E92B}.Debug|Any CPU.Build.0 = Debug|Any CPU
		{6B595738-8D63-40A6-9C61-868C28A3E92B}.Release|Any CPU.ActiveCfg = Release|Any CPU
		{6B595738-8D63-40A6-9C61-868C28A3E92B}.Release|Any CPU.Build.0 = Release|Any CPU
		{F376DEDB-9E92-42F0-865D-66013F9840C0}.Debug|Any CPU.ActiveCfg = Debug|Any CPU
		{F376DEDB-9E92-42F0-865D-66013F9840C0}.Debug|Any CPU.Build.0 = Debug|Any CPU
		{F376DEDB-9E92-42F0-865D-66013F9840C0}.Release|Any CPU.ActiveCfg = Release|Any CPU
		{F376DEDB-9E92-42F0-865D-66013F9840C0}.Release|Any CPU.Build.0 = Release|Any CPU
	EndGlobalSection
	GlobalSection(SolutionProperties) = preSolution
		HideSolutionNode = FALSE
	EndGlobalSection
	GlobalSection(NestedProjects) = preSolution
		{2D4744C8-B393-4179-A734-D522744D688D} = {FC70754F-C6CB-40DD-B9AA-6FB335579282}
		{9578C1CF-6AFF-4721-A900-848391490706} = {E4F0F019-E255-4E79-9B80-83D136EF9A47}
		{A2467F48-85E0-4CC9-B2E3-65D180ED9B7B} = {A48BE782-4E08-4C26-8AA5-740D8B4D76D8}
		{04C36504-D10E-48F0-AC14-CAA76802353B} = {137BAFE0-D303-4306-B047-63C13E849640}
		{382C3CC5-8627-4585-A02A-D07CA792779D} = {EF476BD0-7288-4A4D-A955-EA2CC3970685}
		{6B595738-8D63-40A6-9C61-868C28A3E92B} = {EF476BD0-7288-4A4D-A955-EA2CC3970685}
		{F376DEDB-9E92-42F0-865D-66013F9840C0} = {FC70754F-C6CB-40DD-B9AA-6FB335579282}
	EndGlobalSection
EndGlobal
